// !$*UTF8*$!
{
	archiveVersion = 1;
	classes = {
	};
	objectVersion = 46;
	objects = {

/* Begin PBXBuildFile section */
		5631897B1D8E75EE00588E9B /* main.m in Sources */ = {isa = PBXBuildFile; fileRef = 5631897A1D8E75EE00588E9B /* main.m */; };
		5631897E1D8E75EE00588E9B /* AppDelegate.m in Sources */ = {isa = PBXBuildFile; fileRef = 5631897D1D8E75EE00588E9B /* AppDelegate.m */; };
		563189811D8E75EE00588E9B /* Tracker.xcdatamodeld in Sources */ = {isa = PBXBuildFile; fileRef = 5631897F1D8E75EE00588E9B /* Tracker.xcdatamodeld */; };
		563189841D8E75EE00588E9B /* MasterViewController.m in Sources */ = {isa = PBXBuildFile; fileRef = 563189831D8E75EE00588E9B /* MasterViewController.m */; };
		563189871D8E75EE00588E9B /* DetailViewController.m in Sources */ = {isa = PBXBuildFile; fileRef = 563189861D8E75EE00588E9B /* DetailViewController.m */; };
		5631898A1D8E75EE00588E9B /* Main.storyboard in Resources */ = {isa = PBXBuildFile; fileRef = 563189881D8E75EE00588E9B /* Main.storyboard */; };
		5631898C1D8E75EE00588E9B /* Assets.xcassets in Resources */ = {isa = PBXBuildFile; fileRef = 5631898B1D8E75EE00588E9B /* Assets.xcassets */; };
		5631898F1D8E75EE00588E9B /* LaunchScreen.storyboard in Resources */ = {isa = PBXBuildFile; fileRef = 5631898D1D8E75EE00588E9B /* LaunchScreen.storyboard */; };
		5631899A1D8E75EE00588E9B /* TrackerTests.m in Sources */ = {isa = PBXBuildFile; fileRef = 563189991D8E75EE00588E9B /* TrackerTests.m */; };
		563189A51D8E75EE00588E9B /* TrackerUITests.m in Sources */ = {isa = PBXBuildFile; fileRef = 563189A41D8E75EE00588E9B /* TrackerUITests.m */; };
		563189B51D8E78DE00588E9B /* GoogleMapsBase.framework in Frameworks */ = {isa = PBXBuildFile; fileRef = 563189B41D8E78DE00588E9B /* GoogleMapsBase.framework */; };
		563189B81D8E78F600588E9B /* GoogleMaps.framework in Frameworks */ = {isa = PBXBuildFile; fileRef = 563189B61D8E78F600588E9B /* GoogleMaps.framework */; };
		563189B91D8E78F600588E9B /* GoogleMapsCore.framework in Frameworks */ = {isa = PBXBuildFile; fileRef = 563189B71D8E78F600588E9B /* GoogleMapsCore.framework */; };
		563189BB1D8E790C00588E9B /* GoogleMaps.bundle in Resources */ = {isa = PBXBuildFile; fileRef = 563189BA1D8E790C00588E9B /* GoogleMaps.bundle */; };
		563189BD1D8E79C300588E9B /* Accelerate.framework in Frameworks */ = {isa = PBXBuildFile; fileRef = 563189BC1D8E79C300588E9B /* Accelerate.framework */; };
		563189BF1D8E79DD00588E9B /* UIKit.framework in Frameworks */ = {isa = PBXBuildFile; fileRef = 563189BE1D8E79DD00588E9B /* UIKit.framework */; };
		563189C11D8E79E600588E9B /* SystemConfiguration.framework in Frameworks */ = {isa = PBXBuildFile; fileRef = 563189C01D8E79E600588E9B /* SystemConfiguration.framework */; };
		563189C31D8E79EC00588E9B /* QuartzCore.framework in Frameworks */ = {isa = PBXBuildFile; fileRef = 563189C21D8E79EC00588E9B /* QuartzCore.framework */; };
		563189C51D8E79FD00588E9B /* OpenGLES.framework in Frameworks */ = {isa = PBXBuildFile; fileRef = 563189C41D8E79FD00588E9B /* OpenGLES.framework */; };
		563189C71D8E7A1700588E9B /* libz.tbd in Frameworks */ = {isa = PBXBuildFile; fileRef = 563189C61D8E7A1700588E9B /* libz.tbd */; };
		563189C91D8E7A1E00588E9B /* libc++.tbd in Frameworks */ = {isa = PBXBuildFile; fileRef = 563189C81D8E7A1E00588E9B /* libc++.tbd */; };
		563189CB1D8E7A2D00588E9B /* ImageIO.framework in Frameworks */ = {isa = PBXBuildFile; fileRef = 563189CA1D8E7A2D00588E9B /* ImageIO.framework */; };
		563189CD1D8E7A3400588E9B /* CoreText.framework in Frameworks */ = {isa = PBXBuildFile; fileRef = 563189CC1D8E7A3400588E9B /* CoreText.framework */; };
		563189CF1D8E7A4500588E9B /* GLKit.framework in Frameworks */ = {isa = PBXBuildFile; fileRef = 563189CE1D8E7A4500588E9B /* GLKit.framework */; };
		563189D11D8E7A4900588E9B /* CoreLocation.framework in Frameworks */ = {isa = PBXBuildFile; fileRef = 563189D01D8E7A4900588E9B /* CoreLocation.framework */; };
		563189D31D8E7A5900588E9B /* CoreGraphics.framework in Frameworks */ = {isa = PBXBuildFile; fileRef = 563189D21D8E7A5900588E9B /* CoreGraphics.framework */; };
		563189D51D8E7A5F00588E9B /* CoreData.framework in Frameworks */ = {isa = PBXBuildFile; fileRef = 563189D41D8E7A5F00588E9B /* CoreData.framework */; };
		AE9751FF1DE18286006CB9F9 /* Splashscreen.jpg in Resources */ = {isa = PBXBuildFile; fileRef = AE9751FE1DE18286006CB9F9 /* Splashscreen.jpg */; };
/* End PBXBuildFile section */

/* Begin PBXContainerItemProxy section */
		563189961D8E75EE00588E9B /* PBXContainerItemProxy */ = {
			isa = PBXContainerItemProxy;
			containerPortal = 5631896E1D8E75EE00588E9B /* Project object */;
			proxyType = 1;
			remoteGlobalIDString = 563189751D8E75EE00588E9B;
			remoteInfo = Tracker;
		};
		563189A11D8E75EE00588E9B /* PBXContainerItemProxy */ = {
			isa = PBXContainerItemProxy;
			containerPortal = 5631896E1D8E75EE00588E9B /* Project object */;
			proxyType = 1;
			remoteGlobalIDString = 563189751D8E75EE00588E9B;
			remoteInfo = Tracker;
		};
/* End PBXContainerItemProxy section */

/* Begin PBXFileReference section */
		563189761D8E75EE00588E9B /* Tracker.app */ = {isa = PBXFileReference; explicitFileType = wrapper.application; includeInIndex = 0; path = Tracker.app; sourceTree = BUILT_PRODUCTS_DIR; };
		5631897A1D8E75EE00588E9B /* main.m */ = {isa = PBXFileReference; lastKnownFileType = sourcecode.c.objc; path = main.m; sourceTree = "<group>"; };
		5631897C1D8E75EE00588E9B /* AppDelegate.h */ = {isa = PBXFileReference; lastKnownFileType = sourcecode.c.h; path = AppDelegate.h; sourceTree = "<group>"; };
		5631897D1D8E75EE00588E9B /* AppDelegate.m */ = {isa = PBXFileReference; lastKnownFileType = sourcecode.c.objc; path = AppDelegate.m; sourceTree = "<group>"; };
		563189801D8E75EE00588E9B /* Tracker.xcdatamodel */ = {isa = PBXFileReference; lastKnownFileType = wrapper.xcdatamodel; path = Tracker.xcdatamodel; sourceTree = "<group>"; };
		563189821D8E75EE00588E9B /* MasterViewController.h */ = {isa = PBXFileReference; lastKnownFileType = sourcecode.c.h; path = MasterViewController.h; sourceTree = "<group>"; };
		563189831D8E75EE00588E9B /* MasterViewController.m */ = {isa = PBXFileReference; lastKnownFileType = sourcecode.c.objc; path = MasterViewController.m; sourceTree = "<group>"; };
		563189851D8E75EE00588E9B /* DetailViewController.h */ = {isa = PBXFileReference; lastKnownFileType = sourcecode.c.h; path = DetailViewController.h; sourceTree = "<group>"; };
		563189861D8E75EE00588E9B /* DetailViewController.m */ = {isa = PBXFileReference; lastKnownFileType = sourcecode.c.objc; path = DetailViewController.m; sourceTree = "<group>"; };
		563189891D8E75EE00588E9B /* Base */ = {isa = PBXFileReference; lastKnownFileType = file.storyboard; name = Base; path = Base.lproj/Main.storyboard; sourceTree = "<group>"; };
		5631898B1D8E75EE00588E9B /* Assets.xcassets */ = {isa = PBXFileReference; lastKnownFileType = folder.assetcatalog; path = Assets.xcassets; sourceTree = "<group>"; };
		5631898E1D8E75EE00588E9B /* Base */ = {isa = PBXFileReference; lastKnownFileType = file.storyboard; name = Base; path = Base.lproj/LaunchScreen.storyboard; sourceTree = "<group>"; };
		563189901D8E75EE00588E9B /* Info.plist */ = {isa = PBXFileReference; lastKnownFileType = text.plist.xml; path = Info.plist; sourceTree = "<group>"; };
		563189951D8E75EE00588E9B /* TrackerTests.xctest */ = {isa = PBXFileReference; explicitFileType = wrapper.cfbundle; includeInIndex = 0; path = TrackerTests.xctest; sourceTree = BUILT_PRODUCTS_DIR; };
		563189991D8E75EE00588E9B /* TrackerTests.m */ = {isa = PBXFileReference; lastKnownFileType = sourcecode.c.objc; path = TrackerTests.m; sourceTree = "<group>"; };
		5631899B1D8E75EE00588E9B /* Info.plist */ = {isa = PBXFileReference; lastKnownFileType = text.plist.xml; path = Info.plist; sourceTree = "<group>"; };
		563189A01D8E75EE00588E9B /* TrackerUITests.xctest */ = {isa = PBXFileReference; explicitFileType = wrapper.cfbundle; includeInIndex = 0; path = TrackerUITests.xctest; sourceTree = BUILT_PRODUCTS_DIR; };
		563189A41D8E75EE00588E9B /* TrackerUITests.m */ = {isa = PBXFileReference; lastKnownFileType = sourcecode.c.objc; path = TrackerUITests.m; sourceTree = "<group>"; };
		563189A61D8E75EE00588E9B /* Info.plist */ = {isa = PBXFileReference; lastKnownFileType = text.plist.xml; path = Info.plist; sourceTree = "<group>"; };
		563189B41D8E78DE00588E9B /* GoogleMapsBase.framework */ = {isa = PBXFileReference; lastKnownFileType = wrapper.framework; path = GoogleMapsBase.framework; sourceTree = "<group>"; };
		563189B61D8E78F600588E9B /* GoogleMaps.framework */ = {isa = PBXFileReference; lastKnownFileType = wrapper.framework; path = GoogleMaps.framework; sourceTree = "<group>"; };
		563189B71D8E78F600588E9B /* GoogleMapsCore.framework */ = {isa = PBXFileReference; lastKnownFileType = wrapper.framework; path = GoogleMapsCore.framework; sourceTree = "<group>"; };
		563189BA1D8E790C00588E9B /* GoogleMaps.bundle */ = {isa = PBXFileReference; lastKnownFileType = "wrapper.plug-in"; name = GoogleMaps.bundle; path = GoogleMaps.framework/Versions/A/Resources/GoogleMaps.bundle; sourceTree = "<group>"; };
		563189BC1D8E79C300588E9B /* Accelerate.framework */ = {isa = PBXFileReference; lastKnownFileType = wrapper.framework; name = Accelerate.framework; path = System/Library/Frameworks/Accelerate.framework; sourceTree = SDKROOT; };
		563189BE1D8E79DD00588E9B /* UIKit.framework */ = {isa = PBXFileReference; lastKnownFileType = wrapper.framework; name = UIKit.framework; path = System/Library/Frameworks/UIKit.framework; sourceTree = SDKROOT; };
		563189C01D8E79E600588E9B /* SystemConfiguration.framework */ = {isa = PBXFileReference; lastKnownFileType = wrapper.framework; name = SystemConfiguration.framework; path = System/Library/Frameworks/SystemConfiguration.framework; sourceTree = SDKROOT; };
		563189C21D8E79EC00588E9B /* QuartzCore.framework */ = {isa = PBXFileReference; lastKnownFileType = wrapper.framework; name = QuartzCore.framework; path = System/Library/Frameworks/QuartzCore.framework; sourceTree = SDKROOT; };
		563189C41D8E79FD00588E9B /* OpenGLES.framework */ = {isa = PBXFileReference; lastKnownFileType = wrapper.framework; name = OpenGLES.framework; path = System/Library/Frameworks/OpenGLES.framework; sourceTree = SDKROOT; };
		563189C61D8E7A1700588E9B /* libz.tbd */ = {isa = PBXFileReference; lastKnownFileType = "sourcecode.text-based-dylib-definition"; name = libz.tbd; path = usr/lib/libz.tbd; sourceTree = SDKROOT; };
		563189C81D8E7A1E00588E9B /* libc++.tbd */ = {isa = PBXFileReference; lastKnownFileType = "sourcecode.text-based-dylib-definition"; name = "libc++.tbd"; path = "usr/lib/libc++.tbd"; sourceTree = SDKROOT; };
		563189CA1D8E7A2D00588E9B /* ImageIO.framework */ = {isa = PBXFileReference; lastKnownFileType = wrapper.framework; name = ImageIO.framework; path = System/Library/Frameworks/ImageIO.framework; sourceTree = SDKROOT; };
		563189CC1D8E7A3400588E9B /* CoreText.framework */ = {isa = PBXFileReference; lastKnownFileType = wrapper.framework; name = CoreText.framework; path = System/Library/Frameworks/CoreText.framework; sourceTree = SDKROOT; };
		563189CE1D8E7A4500588E9B /* GLKit.framework */ = {isa = PBXFileReference; lastKnownFileType = wrapper.framework; name = GLKit.framework; path = System/Library/Frameworks/GLKit.framework; sourceTree = SDKROOT; };
		563189D01D8E7A4900588E9B /* CoreLocation.framework */ = {isa = PBXFileReference; lastKnownFileType = wrapper.framework; name = CoreLocation.framework; path = System/Library/Frameworks/CoreLocation.framework; sourceTree = SDKROOT; };
		563189D21D8E7A5900588E9B /* CoreGraphics.framework */ = {isa = PBXFileReference; lastKnownFileType = wrapper.framework; name = CoreGraphics.framework; path = System/Library/Frameworks/CoreGraphics.framework; sourceTree = SDKROOT; };
		563189D41D8E7A5F00588E9B /* CoreData.framework */ = {isa = PBXFileReference; lastKnownFileType = wrapper.framework; name = CoreData.framework; path = System/Library/Frameworks/CoreData.framework; sourceTree = SDKROOT; };
		AE9751FE1DE18286006CB9F9 /* Splashscreen.jpg */ = {isa = PBXFileReference; lastKnownFileType = image.jpeg; name = Splashscreen.jpg; path = Tracker/Assets/Images/Splashscreen.jpg; sourceTree = "<group>"; };
/* End PBXFileReference section */

/* Begin PBXFrameworksBuildPhase section */
		563189731D8E75EE00588E9B /* Frameworks */ = {
			isa = PBXFrameworksBuildPhase;
			buildActionMask = 2147483647;
			files = (
				563189D51D8E7A5F00588E9B /* CoreData.framework in Frameworks */,
				563189D31D8E7A5900588E9B /* CoreGraphics.framework in Frameworks */,
				563189D11D8E7A4900588E9B /* CoreLocation.framework in Frameworks */,
				563189CF1D8E7A4500588E9B /* GLKit.framework in Frameworks */,
				563189CD1D8E7A3400588E9B /* CoreText.framework in Frameworks */,
				563189CB1D8E7A2D00588E9B /* ImageIO.framework in Frameworks */,
				563189C91D8E7A1E00588E9B /* libc++.tbd in Frameworks */,
				563189C71D8E7A1700588E9B /* libz.tbd in Frameworks */,
				563189C51D8E79FD00588E9B /* OpenGLES.framework in Frameworks */,
				563189C31D8E79EC00588E9B /* QuartzCore.framework in Frameworks */,
				563189C11D8E79E600588E9B /* SystemConfiguration.framework in Frameworks */,
				563189BF1D8E79DD00588E9B /* UIKit.framework in Frameworks */,
				563189BD1D8E79C300588E9B /* Accelerate.framework in Frameworks */,
				563189B81D8E78F600588E9B /* GoogleMaps.framework in Frameworks */,
				563189B91D8E78F600588E9B /* GoogleMapsCore.framework in Frameworks */,
				563189B51D8E78DE00588E9B /* GoogleMapsBase.framework in Frameworks */,
			);
			runOnlyForDeploymentPostprocessing = 0;
		};
		563189921D8E75EE00588E9B /* Frameworks */ = {
			isa = PBXFrameworksBuildPhase;
			buildActionMask = 2147483647;
			files = (
			);
			runOnlyForDeploymentPostprocessing = 0;
		};
		5631899D1D8E75EE00588E9B /* Frameworks */ = {
			isa = PBXFrameworksBuildPhase;
			buildActionMask = 2147483647;
			files = (
			);
			runOnlyForDeploymentPostprocessing = 0;
		};
/* End PBXFrameworksBuildPhase section */

/* Begin PBXGroup section */
		5631896D1D8E75EE00588E9B = {
			isa = PBXGroup;
			children = (
				AE9751FC1DE18273006CB9F9 /* Assets */,
				563189D41D8E7A5F00588E9B /* CoreData.framework */,
				563189D21D8E7A5900588E9B /* CoreGraphics.framework */,
				563189D01D8E7A4900588E9B /* CoreLocation.framework */,
				563189CE1D8E7A4500588E9B /* GLKit.framework */,
				563189CC1D8E7A3400588E9B /* CoreText.framework */,
				563189CA1D8E7A2D00588E9B /* ImageIO.framework */,
				563189C81D8E7A1E00588E9B /* libc++.tbd */,
				563189C61D8E7A1700588E9B /* libz.tbd */,
				563189C41D8E79FD00588E9B /* OpenGLES.framework */,
				563189C21D8E79EC00588E9B /* QuartzCore.framework */,
				563189C01D8E79E600588E9B /* SystemConfiguration.framework */,
				563189BE1D8E79DD00588E9B /* UIKit.framework */,
				563189BC1D8E79C300588E9B /* Accelerate.framework */,
				563189781D8E75EE00588E9B /* Tracker */,
				563189981D8E75EE00588E9B /* TrackerTests */,
				563189A31D8E75EE00588E9B /* TrackerUITests */,
				563189771D8E75EE00588E9B /* Products */,
				563189BA1D8E790C00588E9B /* GoogleMaps.bundle */,
				563189B61D8E78F600588E9B /* GoogleMaps.framework */,
				563189B71D8E78F600588E9B /* GoogleMapsCore.framework */,
				563189B41D8E78DE00588E9B /* GoogleMapsBase.framework */,
			);
			sourceTree = "<group>";
		};
		563189771D8E75EE00588E9B /* Products */ = {
			isa = PBXGroup;
			children = (
				563189761D8E75EE00588E9B /* Tracker.app */,
				563189951D8E75EE00588E9B /* TrackerTests.xctest */,
				563189A01D8E75EE00588E9B /* TrackerUITests.xctest */,
			);
			name = Products;
			sourceTree = "<group>";
		};
		563189781D8E75EE00588E9B /* Tracker */ = {
			isa = PBXGroup;
			children = (
				5631897C1D8E75EE00588E9B /* AppDelegate.h */,
				5631897D1D8E75EE00588E9B /* AppDelegate.m */,
				563189821D8E75EE00588E9B /* MasterViewController.h */,
				563189831D8E75EE00588E9B /* MasterViewController.m */,
				563189851D8E75EE00588E9B /* DetailViewController.h */,
				563189861D8E75EE00588E9B /* DetailViewController.m */,
				563189881D8E75EE00588E9B /* Main.storyboard */,
				5631898B1D8E75EE00588E9B /* Assets.xcassets */,
				5631898D1D8E75EE00588E9B /* LaunchScreen.storyboard */,
				563189901D8E75EE00588E9B /* Info.plist */,
				5631897F1D8E75EE00588E9B /* Tracker.xcdatamodeld */,
				563189791D8E75EE00588E9B /* Supporting Files */,
			);
			path = Tracker;
			sourceTree = "<group>";
		};
		563189791D8E75EE00588E9B /* Supporting Files */ = {
			isa = PBXGroup;
			children = (
				5631897A1D8E75EE00588E9B /* main.m */,
			);
			name = "Supporting Files";
			sourceTree = "<group>";
		};
		563189981D8E75EE00588E9B /* TrackerTests */ = {
			isa = PBXGroup;
			children = (
				563189991D8E75EE00588E9B /* TrackerTests.m */,
				5631899B1D8E75EE00588E9B /* Info.plist */,
			);
			path = TrackerTests;
			sourceTree = "<group>";
		};
		563189A31D8E75EE00588E9B /* TrackerUITests */ = {
			isa = PBXGroup;
			children = (
				563189A41D8E75EE00588E9B /* TrackerUITests.m */,
				563189A61D8E75EE00588E9B /* Info.plist */,
			);
			path = TrackerUITests;
			sourceTree = "<group>";
		};
		AE9751FC1DE18273006CB9F9 /* Assets */ = {
			isa = PBXGroup;
			children = (
				AE9751FD1DE18277006CB9F9 /* Images */,
			);
			name = Assets;
			sourceTree = "<group>";
		};
		AE9751FD1DE18277006CB9F9 /* Images */ = {
			isa = PBXGroup;
			children = (
				AE9751FE1DE18286006CB9F9 /* Splashscreen.jpg */,
			);
			name = Images;
			sourceTree = "<group>";
		};
/* End PBXGroup section */

/* Begin PBXNativeTarget section */
		563189751D8E75EE00588E9B /* Tracker */ = {
			isa = PBXNativeTarget;
			buildConfigurationList = 563189A91D8E75EE00588E9B /* Build configuration list for PBXNativeTarget "Tracker" */;
			buildPhases = (
				563189721D8E75EE00588E9B /* Sources */,
				563189731D8E75EE00588E9B /* Frameworks */,
				563189741D8E75EE00588E9B /* Resources */,
			);
			buildRules = (
			);
			dependencies = (
			);
			name = Tracker;
			productName = Tracker;
			productReference = 563189761D8E75EE00588E9B /* Tracker.app */;
			productType = "com.apple.product-type.application";
		};
		563189941D8E75EE00588E9B /* TrackerTests */ = {
			isa = PBXNativeTarget;
			buildConfigurationList = 563189AC1D8E75EE00588E9B /* Build configuration list for PBXNativeTarget "TrackerTests" */;
			buildPhases = (
				563189911D8E75EE00588E9B /* Sources */,
				563189921D8E75EE00588E9B /* Frameworks */,
				563189931D8E75EE00588E9B /* Resources */,
			);
			buildRules = (
			);
			dependencies = (
				563189971D8E75EE00588E9B /* PBXTargetDependency */,
			);
			name = TrackerTests;
			productName = TrackerTests;
			productReference = 563189951D8E75EE00588E9B /* TrackerTests.xctest */;
			productType = "com.apple.product-type.bundle.unit-test";
		};
		5631899F1D8E75EE00588E9B /* TrackerUITests */ = {
			isa = PBXNativeTarget;
			buildConfigurationList = 563189AF1D8E75EE00588E9B /* Build configuration list for PBXNativeTarget "TrackerUITests" */;
			buildPhases = (
				5631899C1D8E75EE00588E9B /* Sources */,
				5631899D1D8E75EE00588E9B /* Frameworks */,
				5631899E1D8E75EE00588E9B /* Resources */,
			);
			buildRules = (
			);
			dependencies = (
				563189A21D8E75EE00588E9B /* PBXTargetDependency */,
			);
			name = TrackerUITests;
			productName = TrackerUITests;
			productReference = 563189A01D8E75EE00588E9B /* TrackerUITests.xctest */;
			productType = "com.apple.product-type.bundle.ui-testing";
		};
/* End PBXNativeTarget section */

/* Begin PBXProject section */
		5631896E1D8E75EE00588E9B /* Project object */ = {
			isa = PBXProject;
			attributes = {
				LastUpgradeCheck = 0720;
				ORGANIZATIONNAME = Arvi;
				TargetAttributes = {
					563189751D8E75EE00588E9B = {
						CreatedOnToolsVersion = 7.2.1;
						DevelopmentTeam = LT5EQT97YY;
						ProvisioningStyle = Automatic;
					};
					563189941D8E75EE00588E9B = {
						CreatedOnToolsVersion = 7.2.1;
						TestTargetID = 563189751D8E75EE00588E9B;
					};
					5631899F1D8E75EE00588E9B = {
						CreatedOnToolsVersion = 7.2.1;
						TestTargetID = 563189751D8E75EE00588E9B;
					};
				};
			};
			buildConfigurationList = 563189711D8E75EE00588E9B /* Build configuration list for PBXProject "Tracker" */;
			compatibilityVersion = "Xcode 3.2";
			developmentRegion = English;
			hasScannedForEncodings = 0;
			knownRegions = (
				en,
				Base,
			);
			mainGroup = 5631896D1D8E75EE00588E9B;
			productRefGroup = 563189771D8E75EE00588E9B /* Products */;
			projectDirPath = "";
			projectRoot = "";
			targets = (
				563189751D8E75EE00588E9B /* Tracker */,
				563189941D8E75EE00588E9B /* TrackerTests */,
				5631899F1D8E75EE00588E9B /* TrackerUITests */,
			);
		};
/* End PBXProject section */

/* Begin PBXResourcesBuildPhase section */
		563189741D8E75EE00588E9B /* Resources */ = {
			isa = PBXResourcesBuildPhase;
			buildActionMask = 2147483647;
			files = (
				5631898F1D8E75EE00588E9B /* LaunchScreen.storyboard in Resources */,
				AE9751FF1DE18286006CB9F9 /* Splashscreen.jpg in Resources */,
				5631898C1D8E75EE00588E9B /* Assets.xcassets in Resources */,
				5631898A1D8E75EE00588E9B /* Main.storyboard in Resources */,
				563189BB1D8E790C00588E9B /* GoogleMaps.bundle in Resources */,
			);
			runOnlyForDeploymentPostprocessing = 0;
		};
		563189931D8E75EE00588E9B /* Resources */ = {
			isa = PBXResourcesBuildPhase;
			buildActionMask = 2147483647;
			files = (
			);
			runOnlyForDeploymentPostprocessing = 0;
		};
		5631899E1D8E75EE00588E9B /* Resources */ = {
			isa = PBXResourcesBuildPhase;
			buildActionMask = 2147483647;
			files = (
			);
			runOnlyForDeploymentPostprocessing = 0;
		};
/* End PBXResourcesBuildPhase section */

/* Begin PBXSourcesBuildPhase section */
		563189721D8E75EE00588E9B /* Sources */ = {
			isa = PBXSourcesBuildPhase;
			buildActionMask = 2147483647;
			files = (
				563189871D8E75EE00588E9B /* DetailViewController.m in Sources */,
				563189841D8E75EE00588E9B /* MasterViewController.m in Sources */,
				5631897E1D8E75EE00588E9B /* AppDelegate.m in Sources */,
				5631897B1D8E75EE00588E9B /* main.m in Sources */,
				563189811D8E75EE00588E9B /* Tracker.xcdatamodeld in Sources */,
			);
			runOnlyForDeploymentPostprocessing = 0;
		};
		563189911D8E75EE00588E9B /* Sources */ = {
			isa = PBXSourcesBuildPhase;
			buildActionMask = 2147483647;
			files = (
				5631899A1D8E75EE00588E9B /* TrackerTests.m in Sources */,
			);
			runOnlyForDeploymentPostprocessing = 0;
		};
		5631899C1D8E75EE00588E9B /* Sources */ = {
			isa = PBXSourcesBuildPhase;
			buildActionMask = 2147483647;
			files = (
				563189A51D8E75EE00588E9B /* TrackerUITests.m in Sources */,
			);
			runOnlyForDeploymentPostprocessing = 0;
		};
/* End PBXSourcesBuildPhase section */

/* Begin PBXTargetDependency section */
		563189971D8E75EE00588E9B /* PBXTargetDependency */ = {
			isa = PBXTargetDependency;
			target = 563189751D8E75EE00588E9B /* Tracker */;
			targetProxy = 563189961D8E75EE00588E9B /* PBXContainerItemProxy */;
		};
		563189A21D8E75EE00588E9B /* PBXTargetDependency */ = {
			isa = PBXTargetDependency;
			target = 563189751D8E75EE00588E9B /* Tracker */;
			targetProxy = 563189A11D8E75EE00588E9B /* PBXContainerItemProxy */;
		};
/* End PBXTargetDependency section */

/* Begin PBXVariantGroup section */
		563189881D8E75EE00588E9B /* Main.storyboard */ = {
			isa = PBXVariantGroup;
			children = (
				563189891D8E75EE00588E9B /* Base */,
			);
			name = Main.storyboard;
			sourceTree = "<group>";
		};
		5631898D1D8E75EE00588E9B /* LaunchScreen.storyboard */ = {
			isa = PBXVariantGroup;
			children = (
				5631898E1D8E75EE00588E9B /* Base */,
			);
			name = LaunchScreen.storyboard;
			sourceTree = "<group>";
		};
/* End PBXVariantGroup section */

/* Begin XCBuildConfiguration section */
		563189A71D8E75EE00588E9B /* Debug */ = {
			isa = XCBuildConfiguration;
			buildSettings = {
				ALWAYS_SEARCH_USER_PATHS = NO;
				CLANG_CXX_LANGUAGE_STANDARD = "gnu++0x";
				CLANG_CXX_LIBRARY = "libc++";
				CLANG_ENABLE_MODULES = YES;
				CLANG_ENABLE_OBJC_ARC = YES;
				CLANG_WARN_BOOL_CONVERSION = YES;
				CLANG_WARN_CONSTANT_CONVERSION = YES;
				CLANG_WARN_DIRECT_OBJC_ISA_USAGE = YES_ERROR;
				CLANG_WARN_EMPTY_BODY = YES;
				CLANG_WARN_ENUM_CONVERSION = YES;
				CLANG_WARN_INT_CONVERSION = YES;
				CLANG_WARN_OBJC_ROOT_CLASS = YES_ERROR;
				CLANG_WARN_UNREACHABLE_CODE = YES;
				CLANG_WARN__DUPLICATE_METHOD_MATCH = YES;
				"CODE_SIGN_IDENTITY[sdk=iphoneos*]" = "iPhone Developer";
				COPY_PHASE_STRIP = NO;
				DEBUG_INFORMATION_FORMAT = dwarf;
				ENABLE_STRICT_OBJC_MSGSEND = YES;
				ENABLE_TESTABILITY = YES;
				GCC_C_LANGUAGE_STANDARD = gnu99;
				GCC_DYNAMIC_NO_PIC = NO;
				GCC_NO_COMMON_BLOCKS = YES;
				GCC_OPTIMIZATION_LEVEL = 0;
				GCC_PREPROCESSOR_DEFINITIONS = (
					"DEBUG=1",
					"$(inherited)",
				);
				GCC_WARN_64_TO_32_BIT_CONVERSION = YES;
				GCC_WARN_ABOUT_RETURN_TYPE = YES_ERROR;
				GCC_WARN_UNDECLARED_SELECTOR = YES;
				GCC_WARN_UNINITIALIZED_AUTOS = YES_AGGRESSIVE;
				GCC_WARN_UNUSED_FUNCTION = YES;
				GCC_WARN_UNUSED_VARIABLE = YES;
				IPHONEOS_DEPLOYMENT_TARGET = 9.2;
				MTL_ENABLE_DEBUG_INFO = YES;
				ONLY_ACTIVE_ARCH = YES;
				SDKROOT = iphoneos;
				TARGETED_DEVICE_FAMILY = "1,2";
			};
			name = Debug;
		};
		563189A81D8E75EE00588E9B /* Release */ = {
			isa = XCBuildConfiguration;
			buildSettings = {
				ALWAYS_SEARCH_USER_PATHS = NO;
				CLANG_CXX_LANGUAGE_STANDARD = "gnu++0x";
				CLANG_CXX_LIBRARY = "libc++";
				CLANG_ENABLE_MODULES = YES;
				CLANG_ENABLE_OBJC_ARC = YES;
				CLANG_WARN_BOOL_CONVERSION = YES;
				CLANG_WARN_CONSTANT_CONVERSION = YES;
				CLANG_WARN_DIRECT_OBJC_ISA_USAGE = YES_ERROR;
				CLANG_WARN_EMPTY_BODY = YES;
				CLANG_WARN_ENUM_CONVERSION = YES;
				CLANG_WARN_INT_CONVERSION = YES;
				CLANG_WARN_OBJC_ROOT_CLASS = YES_ERROR;
				CLANG_WARN_UNREACHABLE_CODE = YES;
				CLANG_WARN__DUPLICATE_METHOD_MATCH = YES;
				"CODE_SIGN_IDENTITY[sdk=iphoneos*]" = "iPhone Developer";
				COPY_PHASE_STRIP = NO;
				DEBUG_INFORMATION_FORMAT = "dwarf-with-dsym";
				ENABLE_NS_ASSERTIONS = NO;
				ENABLE_STRICT_OBJC_MSGSEND = YES;
				GCC_C_LANGUAGE_STANDARD = gnu99;
				GCC_NO_COMMON_BLOCKS = YES;
				GCC_WARN_64_TO_32_BIT_CONVERSION = YES;
				GCC_WARN_ABOUT_RETURN_TYPE = YES_ERROR;
				GCC_WARN_UNDECLARED_SELECTOR = YES;
				GCC_WARN_UNINITIALIZED_AUTOS = YES_AGGRESSIVE;
				GCC_WARN_UNUSED_FUNCTION = YES;
				GCC_WARN_UNUSED_VARIABLE = YES;
				IPHONEOS_DEPLOYMENT_TARGET = 9.2;
				MTL_ENABLE_DEBUG_INFO = NO;
				SDKROOT = iphoneos;
				TARGETED_DEVICE_FAMILY = "1,2";
				VALIDATE_PRODUCT = YES;
			};
			name = Release;
		};
		563189AA1D8E75EE00588E9B /* Debug */ = {
			isa = XCBuildConfiguration;
			buildSettings = {
				ASSETCATALOG_COMPILER_APPICON_NAME = AppIcon;
				CODE_SIGN_IDENTITY = "";
				"CODE_SIGN_IDENTITY[sdk=iphoneos*]" = "iPhone Developer";
				DEVELOPMENT_TEAM = LT5EQT97YY;
				FRAMEWORK_SEARCH_PATHS = (
					"$(inherited)",
					"$(PROJECT_DIR)",
				);
				INFOPLIST_FILE = Tracker/Info.plist;
				IPHONEOS_DEPLOYMENT_TARGET = 9.2;
				LD_RUNPATH_SEARCH_PATHS = "$(inherited) @executable_path/Frameworks";
				PRODUCT_BUNDLE_IDENTIFIER = com.siptracker.intrans;
				PRODUCT_NAME = "$(TARGET_NAME)";
				PROVISIONING_PROFILE = "";
				PROVISIONING_PROFILE_SPECIFIER = "";
				SDKROOT = iphoneos;
			};
			name = Debug;
		};
		563189AB1D8E75EE00588E9B /* Release */ = {
			isa = XCBuildConfiguration;
			buildSettings = {
				ASSETCATALOG_COMPILER_APPICON_NAME = AppIcon;
				CODE_SIGN_IDENTITY = "";
				"CODE_SIGN_IDENTITY[sdk=iphoneos*]" = "iPhone Developer";
				DEVELOPMENT_TEAM = LT5EQT97YY;
				FRAMEWORK_SEARCH_PATHS = (
					"$(inherited)",
					"$(PROJECT_DIR)",
				);
				INFOPLIST_FILE = Tracker/Info.plist;
				IPHONEOS_DEPLOYMENT_TARGET = 9.2;
				LD_RUNPATH_SEARCH_PATHS = "$(inherited) @executable_path/Frameworks";
				PRODUCT_BUNDLE_IDENTIFIER = com.siptracker.intrans;
				PRODUCT_NAME = "$(TARGET_NAME)";
				PROVISIONING_PROFILE = "";
				PROVISIONING_PROFILE_SPECIFIER = "";
				SDKROOT = iphoneos;
			};
			name = Release;
		};
		563189AD1D8E75EE00588E9B /* Debug */ = {
			isa = XCBuildConfiguration;
			buildSettings = {
				BUNDLE_LOADER = "$(TEST_HOST)";
				INFOPLIST_FILE = TrackerTests/Info.plist;
				LD_RUNPATH_SEARCH_PATHS = "$(inherited) @executable_path/Frameworks @loader_path/Frameworks";
				PRODUCT_BUNDLE_IDENTIFIER = Arvi.TrackerTests;
				PRODUCT_NAME = "$(TARGET_NAME)";
				TEST_HOST = "$(BUILT_PRODUCTS_DIR)/Tracker.app/Tracker";
			};
			name = Debug;
		};
		563189AE1D8E75EE00588E9B /* Release */ = {
			isa = XCBuildConfiguration;
			buildSettings = {
				BUNDLE_LOADER = "$(TEST_HOST)";
				INFOPLIST_FILE = TrackerTests/Info.plist;
				LD_RUNPATH_SEARCH_PATHS = "$(inherited) @executable_path/Frameworks @loader_path/Frameworks";
				PRODUCT_BUNDLE_IDENTIFIER = Arvi.TrackerTests;
				PRODUCT_NAME = "$(TARGET_NAME)";
				TEST_HOST = "$(BUILT_PRODUCTS_DIR)/Tracker.app/Tracker";
			};
			name = Release;
		};
		563189B01D8E75EE00588E9B /* Debug */ = {
			isa = XCBuildConfiguration;
			buildSettings = {
				INFOPLIST_FILE = TrackerUITests/Info.plist;
				LD_RUNPATH_SEARCH_PATHS = "$(inherited) @executable_path/Frameworks @loader_path/Frameworks";
				PRODUCT_BUNDLE_IDENTIFIER = Arvi.TrackerUITests;
				PRODUCT_NAME = "$(TARGET_NAME)";
				TEST_TARGET_NAME = Tracker;
				USES_XCTRUNNER = YES;
			};
			name = Debug;
		};
		563189B11D8E75EE00588E9B /* Release */ = {
			isa = XCBuildConfiguration;
			buildSettings = {
				INFOPLIST_FILE = TrackerUITests/Info.plist;
				LD_RUNPATH_SEARCH_PATHS = "$(inherited) @executable_path/Frameworks @loader_path/Frameworks";
				PRODUCT_BUNDLE_IDENTIFIER = Arvi.TrackerUITests;
				PRODUCT_NAME = "$(TARGET_NAME)";
				TEST_TARGET_NAME = Tracker;
				USES_XCTRUNNER = YES;
			};
			name = Release;
		};
/* End XCBuildConfiguration section */

/* Begin XCConfigurationList section */
		563189711D8E75EE00588E9B /* Build configuration list for PBXProject "Tracker" */ = {
			isa = XCConfigurationList;
			buildConfigurations = (
				563189A71D8E75EE00588E9B /* Debug */,
				563189A81D8E75EE00588E9B /* Release */,
			);
			defaultConfigurationIsVisible = 0;
			defaultConfigurationName = Release;
		};
		563189A91D8E75EE00588E9B /* Build configuration list for PBXNativeTarget "Tracker" */ = {
			isa = XCConfigurationList;
			buildConfigurations = (
				563189AA1D8E75EE00588E9B /* Debug */,
				563189AB1D8E75EE00588E9B /* Release */,
			);
			defaultConfigurationIsVisible = 0;
			defaultConfigurationName = Release;
		};
		563189AC1D8E75EE00588E9B /* Build configuration list for PBXNativeTarget "TrackerTests" */ = {
			isa = XCConfigurationList;
			buildConfigurations = (
				563189AD1D8E75EE00588E9B /* Debug */,
				563189AE1D8E75EE00588E9B /* Release */,
			);
			defaultConfigurationIsVisible = 0;
			defaultConfigurationName = Release;
		};
		563189AF1D8E75EE00588E9B /* Build configuration list for PBXNativeTarget "TrackerUITests" */ = {
			isa = XCConfigurationList;
			buildConfigurations = (
				563189B01D8E75EE00588E9B /* Debug */,
				563189B11D8E75EE00588E9B /* Release */,
			);
			defaultConfigurationIsVisible = 0;
			defaultConfigurationName = Release;
		};
/* End XCConfigurationList section */

/* Begin XCVersionGroup section */
		5631897F1D8E75EE00588E9B /* Tracker.xcdatamodeld */ = {
			isa = XCVersionGroup;
			children = (
				563189801D8E75EE00588E9B /* Tracker.xcdatamodel */,
			);
			currentVersion = 563189801D8E75EE00588E9B /* Tracker.xcdatamodel */;
			path = Tracker.xcdatamodeld;
			sourceTree = "<group>";
			versionGroupType = wrapper.xcdatamodel;
		};
/* End XCVersionGroup section */
	};
	rootObject = 5631896E1D8E75EE00588E9B /* Project object */;
}
